{
  "originHash" : "00398ece5b8c1a1be5b1a79c6b5417558509a282b2721d1d128d58d127516896",
  "pins" : [
    {
      "identity" : "swiftui-flow",
      "kind" : "remoteSourceControl",
      "location" : "https://github.com/tevelee/SwiftUI-Flow",
      "state" : {
        "revision" : "19e86b750b3c67260cbb28c459004c0dfdb11899",
        "version" : "3.5.1"
      }
    }
  ],
  "version" : 3
}
